PODS:
  - FSCalendar (2.8.4)
  - lottie-ios (4.3.4)

DEPENDENCIES:
  - FSCalendar
  - lottie-ios

SPEC REPOS:
  trunk:
    - FSCalendar
    - lottie-ios

SPEC CHECKSUMS:
  FSCalendar: 2d1d0d9398f12d439f55c1fe0f01525b151b8260
  lottie-ios: 3d98679b41fa6fd6aff2352b3953dbd3df8a397e

PODFILE CHECKSUM: a943cb669235a170ea1ed0cd1bc3abffdb2529ca

COCOAPODS: 1.14.3
