PODS:
  - DGCharts (5.1.0):
    - DGCharts/Core (= 5.1.0)
  - DGCharts/Core (5.1.0)
  - FSCalendar (2.8.4)
  - lottie-ios (4.3.4)

DEPENDENCIES:
  - DGCharts
  - FSCalendar
  - lottie-ios

SPEC REPOS:
  trunk:
    - DGCharts
    - FSCalendar
    - lottie-ios

SPEC CHECKSUMS:
  DGCharts: 1c6daf585b6cfc78807af44ea690d357c410627f
  FSCalendar: 2d1d0d9398f12d439f55c1fe0f01525b151b8260
  lottie-ios: 3d98679b41fa6fd6aff2352b3953dbd3df8a397e

PODFILE CHECKSUM: 8edeaff3d2b812a0173a25d40f7a2716d15f42f9

COCOAPODS: 1.14.3
