// !$*UTF8*$!
{
	archiveVersion = 1;
	classes = {
	};
	objectVersion = 56;
	objects = {

/* Begin PBXBuildFile section */
		72212CED2C1CB86B002CF2C8 /* AppStringConstant.swift in Sources */ = {isa = PBXBuildFile; fileRef = 72212CEC2C1CB86B002CF2C8 /* AppStringConstant.swift */; };
		72212CF02C1CC52C002CF2C8 /* OnboardingCollectionViewCell.swift in Sources */ = {isa = PBXBuildFile; fileRef = 72212CEF2C1CC52C002CF2C8 /* OnboardingCollectionViewCell.swift */; };
		72786A5A2C1CA48A00E7D20C /* AppDelegate.swift in Sources */ = {isa = PBXBuildFile; fileRef = 72786A592C1CA48A00E7D20C /* AppDelegate.swift */; };
		72786A5C2C1CA48A00E7D20C /* SceneDelegate.swift in Sources */ = {isa = PBXBuildFile; fileRef = 72786A5B2C1CA48A00E7D20C /* SceneDelegate.swift */; };
		72786A5E2C1CA48A00E7D20C /* OnboardingViewController.swift in Sources */ = {isa = PBXBuildFile; fileRef = 72786A5D2C1CA48A00E7D20C /* OnboardingViewController.swift */; };
		72786A612C1CA48A00E7D20C /* Base in Resources */ = {isa = PBXBuildFile; fileRef = 72786A602C1CA48A00E7D20C /* Base */; };
		72786A632C1CA48F00E7D20C /* Assets.xcassets in Resources */ = {isa = PBXBuildFile; fileRef = 72786A622C1CA48F00E7D20C /* Assets.xcassets */; };
		72786A662C1CA48F00E7D20C /* Base in Resources */ = {isa = PBXBuildFile; fileRef = 72786A652C1CA48F00E7D20C /* Base */; };
		72786A742C1CA49F00E7D20C /* TaskyTests.swift in Sources */ = {isa = PBXBuildFile; fileRef = 72786A732C1CA49F00E7D20C /* TaskyTests.swift */; };
		72EBE7D62C1CCFF6009A890E /* onboarding-2.json in Resources */ = {isa = PBXBuildFile; fileRef = 72EBE7D42C1CCFF6009A890E /* onboarding-2.json */; };
		72EBE7D72C1CCFF6009A890E /* onboarding-3.json in Resources */ = {isa = PBXBuildFile; fileRef = 72EBE7D52C1CCFF6009A890E /* onboarding-3.json */; };
		72EBE7D92C1CD12C009A890E /* onboarding-1.json in Resources */ = {isa = PBXBuildFile; fileRef = 72EBE7D82C1CD12C009A890E /* onboarding-1.json */; };
		72EBE7DB2C1CD213009A890E /* UIView+Extension.swift in Sources */ = {isa = PBXBuildFile; fileRef = 72EBE7DA2C1CD213009A890E /* UIView+Extension.swift */; };
		72EBE7DD2C1CD967009A890E /* OnBoardingSlide.swift in Sources */ = {isa = PBXBuildFile; fileRef = 72EBE7DC2C1CD967009A890E /* OnBoardingSlide.swift */; };
		85153DB4E6C048D37E0B8C69 /* Pods_TaskyTests.framework in Frameworks */ = {isa = PBXBuildFile; fileRef = 6A1C0F703428F6DF92D46192 /* Pods_TaskyTests.framework */; };
		A3723ED6FB70A3EF10B4FACD /* Pods_Tasky.framework in Frameworks */ = {isa = PBXBuildFile; fileRef = F885300C6A8E20E13EE9CA06 /* Pods_Tasky.framework */; };
/* End PBXBuildFile section */

/* Begin PBXContainerItemProxy section */
		72786A752C1CA49F00E7D20C /* PBXContainerItemProxy */ = {
			isa = PBXContainerItemProxy;
			containerPortal = 72786A4E2C1CA48A00E7D20C /* Project object */;
			proxyType = 1;
			remoteGlobalIDString = 72786A552C1CA48A00E7D20C;
			remoteInfo = Tasky;
		};
/* End PBXContainerItemProxy section */

/* Begin PBXFileReference section */
		3783951AEBB84B48A7CB6EC3 /* Pods-Tasky.debug.xcconfig */ = {isa = PBXFileReference; includeInIndex = 1; lastKnownFileType = text.xcconfig; name = "Pods-Tasky.debug.xcconfig"; path = "Target Support Files/Pods-Tasky/Pods-Tasky.debug.xcconfig"; sourceTree = "<group>"; };
		6A1C0F703428F6DF92D46192 /* Pods_TaskyTests.framework */ = {isa = PBXFileReference; explicitFileType = wrapper.framework; includeInIndex = 0; path = Pods_TaskyTests.framework; sourceTree = BUILT_PRODUCTS_DIR; };
		72212CEC2C1CB86B002CF2C8 /* AppStringConstant.swift */ = {isa = PBXFileReference; lastKnownFileType = sourcecode.swift; path = AppStringConstant.swift; sourceTree = "<group>"; };
		72212CEF2C1CC52C002CF2C8 /* OnboardingCollectionViewCell.swift */ = {isa = PBXFileReference; lastKnownFileType = sourcecode.swift; name = OnboardingCollectionViewCell.swift; path = Tasky/Cells/OnboardingCollectionViewCell.swift; sourceTree = SOURCE_ROOT; };
		72786A562C1CA48A00E7D20C /* Tasky.app */ = {isa = PBXFileReference; explicitFileType = wrapper.application; includeInIndex = 0; path = Tasky.app; sourceTree = BUILT_PRODUCTS_DIR; };
		72786A592C1CA48A00E7D20C /* AppDelegate.swift */ = {isa = PBXFileReference; lastKnownFileType = sourcecode.swift; path = AppDelegate.swift; sourceTree = "<group>"; };
		72786A5B2C1CA48A00E7D20C /* SceneDelegate.swift */ = {isa = PBXFileReference; lastKnownFileType = sourcecode.swift; path = SceneDelegate.swift; sourceTree = "<group>"; };
		72786A5D2C1CA48A00E7D20C /* OnboardingViewController.swift */ = {isa = PBXFileReference; lastKnownFileType = sourcecode.swift; path = OnboardingViewController.swift; sourceTree = "<group>"; };
		72786A602C1CA48A00E7D20C /* Base */ = {isa = PBXFileReference; lastKnownFileType = file.storyboard; name = Base; path = Base.lproj/Main.storyboard; sourceTree = "<group>"; };
		72786A622C1CA48F00E7D20C /* Assets.xcassets */ = {isa = PBXFileReference; lastKnownFileType = folder.assetcatalog; path = Assets.xcassets; sourceTree = "<group>"; };
		72786A652C1CA48F00E7D20C /* Base */ = {isa = PBXFileReference; lastKnownFileType = file.storyboard; name = Base; path = Base.lproj/LaunchScreen.storyboard; sourceTree = "<group>"; };
		72786A672C1CA48F00E7D20C /* Info.plist */ = {isa = PBXFileReference; lastKnownFileType = text.plist.xml; path = Info.plist; sourceTree = "<group>"; };
		72786A712C1CA49F00E7D20C /* TaskyTests.xctest */ = {isa = PBXFileReference; explicitFileType = wrapper.cfbundle; includeInIndex = 0; path = TaskyTests.xctest; sourceTree = BUILT_PRODUCTS_DIR; };
		72786A732C1CA49F00E7D20C /* TaskyTests.swift */ = {isa = PBXFileReference; lastKnownFileType = sourcecode.swift; path = TaskyTests.swift; sourceTree = "<group>"; };
		72EBE7D42C1CCFF6009A890E /* onboarding-2.json */ = {isa = PBXFileReference; fileEncoding = 4; lastKnownFileType = text.json; path = "onboarding-2.json"; sourceTree = "<group>"; };
		72EBE7D52C1CCFF6009A890E /* onboarding-3.json */ = {isa = PBXFileReference; fileEncoding = 4; lastKnownFileType = text.json; path = "onboarding-3.json"; sourceTree = "<group>"; };
		72EBE7D82C1CD12C009A890E /* onboarding-1.json */ = {isa = PBXFileReference; fileEncoding = 4; lastKnownFileType = text.json; path = "onboarding-1.json"; sourceTree = "<group>"; };
		72EBE7DA2C1CD213009A890E /* UIView+Extension.swift */ = {isa = PBXFileReference; lastKnownFileType = sourcecode.swift; path = "UIView+Extension.swift"; sourceTree = "<group>"; };
		72EBE7DC2C1CD967009A890E /* OnBoardingSlide.swift */ = {isa = PBXFileReference; lastKnownFileType = sourcecode.swift; path = OnBoardingSlide.swift; sourceTree = "<group>"; };
		739D006421DBE565E1713AE4 /* Pods-TaskyTests.debug.xcconfig */ = {isa = PBXFileReference; includeInIndex = 1; lastKnownFileType = text.xcconfig; name = "Pods-TaskyTests.debug.xcconfig"; path = "Target Support Files/Pods-TaskyTests/Pods-TaskyTests.debug.xcconfig"; sourceTree = "<group>"; };
		B3B01200A1BF4E770FA3621D /* Pods-TaskyTests.release.xcconfig */ = {isa = PBXFileReference; includeInIndex = 1; lastKnownFileType = text.xcconfig; name = "Pods-TaskyTests.release.xcconfig"; path = "Target Support Files/Pods-TaskyTests/Pods-TaskyTests.release.xcconfig"; sourceTree = "<group>"; };
		F885300C6A8E20E13EE9CA06 /* Pods_Tasky.framework */ = {isa = PBXFileReference; explicitFileType = wrapper.framework; includeInIndex = 0; path = Pods_Tasky.framework; sourceTree = BUILT_PRODUCTS_DIR; };
		FA5FAA6DFD25776DDF13102E /* Pods-Tasky.release.xcconfig */ = {isa = PBXFileReference; includeInIndex = 1; lastKnownFileType = text.xcconfig; name = "Pods-Tasky.release.xcconfig"; path = "Target Support Files/Pods-Tasky/Pods-Tasky.release.xcconfig"; sourceTree = "<group>"; };
/* End PBXFileReference section */

/* Begin PBXFrameworksBuildPhase section */
		72786A532C1CA48A00E7D20C /* Frameworks */ = {
			isa = PBXFrameworksBuildPhase;
			buildActionMask = 2147483647;
			files = (
				A3723ED6FB70A3EF10B4FACD /* Pods_Tasky.framework in Frameworks */,
			);
			runOnlyForDeploymentPostprocessing = 0;
		};
		72786A6E2C1CA49F00E7D20C /* Frameworks */ = {
			isa = PBXFrameworksBuildPhase;
			buildActionMask = 2147483647;
			files = (
				85153DB4E6C048D37E0B8C69 /* Pods_TaskyTests.framework in Frameworks */,
			);
			runOnlyForDeploymentPostprocessing = 0;
		};
/* End PBXFrameworksBuildPhase section */

/* Begin PBXGroup section */
		375544E2ACA68F19382D0B3D /* Frameworks */ = {
			isa = PBXGroup;
			children = (
				F885300C6A8E20E13EE9CA06 /* Pods_Tasky.framework */,
				6A1C0F703428F6DF92D46192 /* Pods_TaskyTests.framework */,
			);
			name = Frameworks;
			sourceTree = "<group>";
		};
		72212CDF2C1CB247002CF2C8 /* Views */ = {
			isa = PBXGroup;
			children = (
				72786A5F2C1CA48A00E7D20C /* Main.storyboard */,
				72786A642C1CA48F00E7D20C /* LaunchScreen.storyboard */,
			);
			path = Views;
			sourceTree = "<group>";
		};
		72212CE02C1CB339002CF2C8 /* ViewControllers */ = {
			isa = PBXGroup;
			children = (
				72786A5D2C1CA48A00E7D20C /* OnboardingViewController.swift */,
			);
			path = ViewControllers;
			sourceTree = "<group>";
		};
		72212CE12C1CB356002CF2C8 /* Constants */ = {
			isa = PBXGroup;
			children = (
				72212CEC2C1CB86B002CF2C8 /* AppStringConstant.swift */,
			);
			path = Constants;
			sourceTree = "<group>";
		};
		72212CE22C1CB36D002CF2C8 /* Extensions */ = {
			isa = PBXGroup;
			children = (
				72EBE7DA2C1CD213009A890E /* UIView+Extension.swift */,
			);
			path = Extensions;
			sourceTree = "<group>";
		};
		72212CE32C1CB381002CF2C8 /* Models */ = {
			isa = PBXGroup;
			children = (
				72EBE7DC2C1CD967009A890E /* OnBoardingSlide.swift */,
			);
			name = Models;
			path = Constants/Models;
			sourceTree = "<group>";
		};
		72212CE42C1CB390002CF2C8 /* ViewModels */ = {
			isa = PBXGroup;
			children = (
			);
			path = ViewModels;
			sourceTree = "<group>";
		};
		72212CE52C1CB3A1002CF2C8 /* Resources */ = {
			isa = PBXGroup;
			children = (
				72EBE7D82C1CD12C009A890E /* onboarding-1.json */,
				72EBE7D42C1CCFF6009A890E /* onboarding-2.json */,
				72EBE7D52C1CCFF6009A890E /* onboarding-3.json */,
			);
			path = Resources;
			sourceTree = "<group>";
		};
		72212CEE2C1CC4F6002CF2C8 /* Cells */ = {
			isa = PBXGroup;
			children = (
				72212CEF2C1CC52C002CF2C8 /* OnboardingCollectionViewCell.swift */,
			);
			path = Cells;
			sourceTree = "<group>";
		};
		72786A4D2C1CA48A00E7D20C = {
			isa = PBXGroup;
			children = (
				72786A582C1CA48A00E7D20C /* Tasky */,
				72786A722C1CA49F00E7D20C /* TaskyTests */,
				72786A572C1CA48A00E7D20C /* Products */,
				E8B0825B9FE487BE1E189A4C /* Pods */,
				375544E2ACA68F19382D0B3D /* Frameworks */,
			);
			sourceTree = "<group>";
		};
		72786A572C1CA48A00E7D20C /* Products */ = {
			isa = PBXGroup;
			children = (
				72786A562C1CA48A00E7D20C /* Tasky.app */,
				72786A712C1CA49F00E7D20C /* TaskyTests.xctest */,
			);
			name = Products;
			sourceTree = "<group>";
		};
		72786A582C1CA48A00E7D20C /* Tasky */ = {
			isa = PBXGroup;
			children = (
				72786A592C1CA48A00E7D20C /* AppDelegate.swift */,
				72786A5B2C1CA48A00E7D20C /* SceneDelegate.swift */,
				72212CE12C1CB356002CF2C8 /* Constants */,
				72212CE22C1CB36D002CF2C8 /* Extensions */,
				72212CE32C1CB381002CF2C8 /* Models */,
				72212CE42C1CB390002CF2C8 /* ViewModels */,
				72212CE02C1CB339002CF2C8 /* ViewControllers */,
				72212CEE2C1CC4F6002CF2C8 /* Cells */,
				72212CDF2C1CB247002CF2C8 /* Views */,
				72212CE52C1CB3A1002CF2C8 /* Resources */,
				72786A622C1CA48F00E7D20C /* Assets.xcassets */,
				72786A672C1CA48F00E7D20C /* Info.plist */,
			);
			path = Tasky;
			sourceTree = "<group>";
		};
		72786A722C1CA49F00E7D20C /* TaskyTests */ = {
			isa = PBXGroup;
			children = (
				72786A732C1CA49F00E7D20C /* TaskyTests.swift */,
			);
			path = TaskyTests;
			sourceTree = "<group>";
		};
		E8B0825B9FE487BE1E189A4C /* Pods */ = {
			isa = PBXGroup;
			children = (
				3783951AEBB84B48A7CB6EC3 /* Pods-Tasky.debug.xcconfig */,
				FA5FAA6DFD25776DDF13102E /* Pods-Tasky.release.xcconfig */,
				739D006421DBE565E1713AE4 /* Pods-TaskyTests.debug.xcconfig */,
				B3B01200A1BF4E770FA3621D /* Pods-TaskyTests.release.xcconfig */,
			);
			path = Pods;
			sourceTree = "<group>";
		};
/* End PBXGroup section */

/* Begin PBXNativeTarget section */
		72786A552C1CA48A00E7D20C /* Tasky */ = {
			isa = PBXNativeTarget;
			buildConfigurationList = 72786A6A2C1CA48F00E7D20C /* Build configuration list for PBXNativeTarget "Tasky" */;
			buildPhases = (
				24CFCC1C4B88A15D571617F6 /* [CP] Check Pods Manifest.lock */,
				72786A522C1CA48A00E7D20C /* Sources */,
				72786A532C1CA48A00E7D20C /* Frameworks */,
				72786A542C1CA48A00E7D20C /* Resources */,
				86C2498C83CD0A1943B76E50 /* [CP] Embed Pods Frameworks */,
			);
			buildRules = (
			);
			dependencies = (
			);
			name = Tasky;
			productName = Tasky;
			productReference = 72786A562C1CA48A00E7D20C /* Tasky.app */;
			productType = "com.apple.product-type.application";
		};
		72786A702C1CA49F00E7D20C /* TaskyTests */ = {
			isa = PBXNativeTarget;
			buildConfigurationList = 72786A772C1CA49F00E7D20C /* Build configuration list for PBXNativeTarget "TaskyTests" */;
			buildPhases = (
				447F7253EF456050FBFA687B /* [CP] Check Pods Manifest.lock */,
				72786A6D2C1CA49F00E7D20C /* Sources */,
				72786A6E2C1CA49F00E7D20C /* Frameworks */,
				72786A6F2C1CA49F00E7D20C /* Resources */,
			);
			buildRules = (
			);
			dependencies = (
				72786A762C1CA49F00E7D20C /* PBXTargetDependency */,
			);
			name = TaskyTests;
			productName = TaskyTests;
			productReference = 72786A712C1CA49F00E7D20C /* TaskyTests.xctest */;
			productType = "com.apple.product-type.bundle.unit-test";
		};
/* End PBXNativeTarget section */

/* Begin PBXProject section */
		72786A4E2C1CA48A00E7D20C /* Project object */ = {
			isa = PBXProject;
			attributes = {
				BuildIndependentTargetsInParallel = 1;
				LastSwiftUpdateCheck = 1530;
				LastUpgradeCheck = 1530;
				TargetAttributes = {
					72786A552C1CA48A00E7D20C = {
						CreatedOnToolsVersion = 15.3;
					};
					72786A702C1CA49F00E7D20C = {
						CreatedOnToolsVersion = 15.3;
						TestTargetID = 72786A552C1CA48A00E7D20C;
					};
				};
			};
			buildConfigurationList = 72786A512C1CA48A00E7D20C /* Build configuration list for PBXProject "Tasky" */;
			compatibilityVersion = "Xcode 14.0";
			developmentRegion = en;
			hasScannedForEncodings = 0;
			knownRegions = (
				en,
				Base,
			);
			mainGroup = 72786A4D2C1CA48A00E7D20C;
			productRefGroup = 72786A572C1CA48A00E7D20C /* Products */;
			projectDirPath = "";
			projectRoot = "";
			targets = (
				72786A552C1CA48A00E7D20C /* Tasky */,
				72786A702C1CA49F00E7D20C /* TaskyTests */,
			);
		};
/* End PBXProject section */

/* Begin PBXResourcesBuildPhase section */
		72786A542C1CA48A00E7D20C /* Resources */ = {
			isa = PBXResourcesBuildPhase;
			buildActionMask = 2147483647;
			files = (
				72786A632C1CA48F00E7D20C /* Assets.xcassets in Resources */,
				72786A662C1CA48F00E7D20C /* Base in Resources */,
				72786A612C1CA48A00E7D20C /* Base in Resources */,
				72EBE7D62C1CCFF6009A890E /* onboarding-2.json in Resources */,
				72EBE7D92C1CD12C009A890E /* onboarding-1.json in Resources */,
				72EBE7D72C1CCFF6009A890E /* onboarding-3.json in Resources */,
			);
			runOnlyForDeploymentPostprocessing = 0;
		};
		72786A6F2C1CA49F00E7D20C /* Resources */ = {
			isa = PBXResourcesBuildPhase;
			buildActionMask = 2147483647;
			files = (
			);
			runOnlyForDeploymentPostprocessing = 0;
		};
/* End PBXResourcesBuildPhase section */

/* Begin PBXShellScriptBuildPhase section */
		24CFCC1C4B88A15D571617F6 /* [CP] Check Pods Manifest.lock */ = {
			isa = PBXShellScriptBuildPhase;
			buildActionMask = 2147483647;
			files = (
			);
			inputFileListPaths = (
			);
			inputPaths = (
				"${PODS_PODFILE_DIR_PATH}/Podfile.lock",
				"${PODS_ROOT}/Manifest.lock",
			);
			name = "[CP] Check Pods Manifest.lock";
			outputFileListPaths = (
			);
			outputPaths = (
				"$(DERIVED_FILE_DIR)/Pods-Tasky-checkManifestLockResult.txt",
			);
			runOnlyForDeploymentPostprocessing = 0;
			shellPath = /bin/sh;
			shellScript = "diff \"${PODS_PODFILE_DIR_PATH}/Podfile.lock\" \"${PODS_ROOT}/Manifest.lock\" > /dev/null\nif [ $? != 0 ] ; then\n    # print error to STDERR\n    echo \"error: The sandbox is not in sync with the Podfile.lock. Run 'pod install' or update your CocoaPods installation.\" >&2\n    exit 1\nfi\n# This output is used by Xcode 'outputs' to avoid re-running this script phase.\necho \"SUCCESS\" > \"${SCRIPT_OUTPUT_FILE_0}\"\n";
			showEnvVarsInLog = 0;
		};
		447F7253EF456050FBFA687B /* [CP] Check Pods Manifest.lock */ = {
			isa = PBXShellScriptBuildPhase;
			buildActionMask = 2147483647;
			files = (
			);
			inputFileListPaths = (
			);
			inputPaths = (
				"${PODS_PODFILE_DIR_PATH}/Podfile.lock",
				"${PODS_ROOT}/Manifest.lock",
			);
			name = "[CP] Check Pods Manifest.lock";
			outputFileListPaths = (
			);
			outputPaths = (
				"$(DERIVED_FILE_DIR)/Pods-TaskyTests-checkManifestLockResult.txt",
			);
			runOnlyForDeploymentPostprocessing = 0;
			shellPath = /bin/sh;
			shellScript = "diff \"${PODS_PODFILE_DIR_PATH}/Podfile.lock\" \"${PODS_ROOT}/Manifest.lock\" > /dev/null\nif [ $? != 0 ] ; then\n    # print error to STDERR\n    echo \"error: The sandbox is not in sync with the Podfile.lock. Run 'pod install' or update your CocoaPods installation.\" >&2\n    exit 1\nfi\n# This output is used by Xcode 'outputs' to avoid re-running this script phase.\necho \"SUCCESS\" > \"${SCRIPT_OUTPUT_FILE_0}\"\n";
			showEnvVarsInLog = 0;
		};
		86C2498C83CD0A1943B76E50 /* [CP] Embed Pods Frameworks */ = {
			isa = PBXShellScriptBuildPhase;
			buildActionMask = 2147483647;
			files = (
			);
			inputFileListPaths = (
				"${PODS_ROOT}/Target Support Files/Pods-Tasky/Pods-Tasky-frameworks-${CONFIGURATION}-input-files.xcfilelist",
			);
			name = "[CP] Embed Pods Frameworks";
			outputFileListPaths = (
				"${PODS_ROOT}/Target Support Files/Pods-Tasky/Pods-Tasky-frameworks-${CONFIGURATION}-output-files.xcfilelist",
			);
			runOnlyForDeploymentPostprocessing = 0;
			shellPath = /bin/sh;
			shellScript = "\"${PODS_ROOT}/Target Support Files/Pods-Tasky/Pods-Tasky-frameworks.sh\"\n";
			showEnvVarsInLog = 0;
		};
/* End PBXShellScriptBuildPhase section */

/* Begin PBXSourcesBuildPhase section */
		72786A522C1CA48A00E7D20C /* Sources */ = {
			isa = PBXSourcesBuildPhase;
			buildActionMask = 2147483647;
			files = (
				72EBE7DB2C1CD213009A890E /* UIView+Extension.swift in Sources */,
				72212CED2C1CB86B002CF2C8 /* AppStringConstant.swift in Sources */,
				72EBE7DD2C1CD967009A890E /* OnBoardingSlide.swift in Sources */,
				72786A5E2C1CA48A00E7D20C /* OnboardingViewController.swift in Sources */,
				72212CF02C1CC52C002CF2C8 /* OnboardingCollectionViewCell.swift in Sources */,
				72786A5A2C1CA48A00E7D20C /* AppDelegate.swift in Sources */,
				72786A5C2C1CA48A00E7D20C /* SceneDelegate.swift in Sources */,
			);
			runOnlyForDeploymentPostprocessing = 0;
		};
		72786A6D2C1CA49F00E7D20C /* Sources */ = {
			isa = PBXSourcesBuildPhase;
			buildActionMask = 2147483647;
			files = (
				72786A742C1CA49F00E7D20C /* TaskyTests.swift in Sources */,
			);
			runOnlyForDeploymentPostprocessing = 0;
		};
/* End PBXSourcesBuildPhase section */

/* Begin PBXTargetDependency section */
		72786A762C1CA49F00E7D20C /* PBXTargetDependency */ = {
			isa = PBXTargetDependency;
			target = 72786A552C1CA48A00E7D20C /* Tasky */;
			targetProxy = 72786A752C1CA49F00E7D20C /* PBXContainerItemProxy */;
		};
/* End PBXTargetDependency section */

/* Begin PBXVariantGroup section */
		72786A5F2C1CA48A00E7D20C /* Main.storyboard */ = {
			isa = PBXVariantGroup;
			children = (
				72786A602C1CA48A00E7D20C /* Base */,
			);
			name = Main.storyboard;
			sourceTree = "<group>";
		};
		72786A642C1CA48F00E7D20C /* LaunchScreen.storyboard */ = {
			isa = PBXVariantGroup;
			children = (
				72786A652C1CA48F00E7D20C /* Base */,
			);
			name = LaunchScreen.storyboard;
			sourceTree = "<group>";
		};
/* End PBXVariantGroup section */

/* Begin XCBuildConfiguration section */
		72786A682C1CA48F00E7D20C /* Debug */ = {
			isa = XCBuildConfiguration;
			buildSettings = {
				ALWAYS_SEARCH_USER_PATHS = NO;
				ASSETCATALOG_COMPILER_GENERATE_SWIFT_ASSET_SYMBOL_EXTENSIONS = YES;
				CLANG_ANALYZER_NONNULL = YES;
				CLANG_ANALYZER_NUMBER_OBJECT_CONVERSION = YES_AGGRESSIVE;
				CLANG_CXX_LANGUAGE_STANDARD = "gnu++20";
				CLANG_ENABLE_MODULES = YES;
				CLANG_ENABLE_OBJC_ARC = YES;
				CLANG_ENABLE_OBJC_WEAK = YES;
				CLANG_WARN_BLOCK_CAPTURE_AUTORELEASING = YES;
				CLANG_WARN_BOOL_CONVERSION = YES;
				CLANG_WARN_COMMA = YES;
				CLANG_WARN_CONSTANT_CONVERSION = YES;
				CLANG_WARN_DEPRECATED_OBJC_IMPLEMENTATIONS = YES;
				CLANG_WARN_DIRECT_OBJC_ISA_USAGE = YES_ERROR;
				CLANG_WARN_DOCUMENTATION_COMMENTS = YES;
				CLANG_WARN_EMPTY_BODY = YES;
				CLANG_WARN_ENUM_CONVERSION = YES;
				CLANG_WARN_INFINITE_RECURSION = YES;
				CLANG_WARN_INT_CONVERSION = YES;
				CLANG_WARN_NON_LITERAL_NULL_CONVERSION = YES;
				CLANG_WARN_OBJC_IMPLICIT_RETAIN_SELF = YES;
				CLANG_WARN_OBJC_LITERAL_CONVERSION = YES;
				CLANG_WARN_OBJC_ROOT_CLASS = YES_ERROR;
				CLANG_WARN_QUOTED_INCLUDE_IN_FRAMEWORK_HEADER = YES;
				CLANG_WARN_RANGE_LOOP_ANALYSIS = YES;
				CLANG_WARN_STRICT_PROTOTYPES = YES;
				CLANG_WARN_SUSPICIOUS_MOVE = YES;
				CLANG_WARN_UNGUARDED_AVAILABILITY = YES_AGGRESSIVE;
				CLANG_WARN_UNREACHABLE_CODE = YES;
				CLANG_WARN__DUPLICATE_METHOD_MATCH = YES;
				COPY_PHASE_STRIP = NO;
				DEBUG_INFORMATION_FORMAT = dwarf;
				ENABLE_STRICT_OBJC_MSGSEND = YES;
				ENABLE_TESTABILITY = YES;
				ENABLE_USER_SCRIPT_SANDBOXING = NO;
				GCC_C_LANGUAGE_STANDARD = gnu17;
				GCC_DYNAMIC_NO_PIC = NO;
				GCC_NO_COMMON_BLOCKS = YES;
				GCC_OPTIMIZATION_LEVEL = 0;
				GCC_PREPROCESSOR_DEFINITIONS = (
					"DEBUG=1",
					"$(inherited)",
				);
				GCC_WARN_64_TO_32_BIT_CONVERSION = YES;
				GCC_WARN_ABOUT_RETURN_TYPE = YES_ERROR;
				GCC_WARN_UNDECLARED_SELECTOR = YES;
				GCC_WARN_UNINITIALIZED_AUTOS = YES_AGGRESSIVE;
				GCC_WARN_UNUSED_FUNCTION = YES;
				GCC_WARN_UNUSED_VARIABLE = YES;
				IPHONEOS_DEPLOYMENT_TARGET = 17.4;
				LOCALIZATION_PREFERS_STRING_CATALOGS = YES;
				MTL_ENABLE_DEBUG_INFO = INCLUDE_SOURCE;
				MTL_FAST_MATH = YES;
				ONLY_ACTIVE_ARCH = YES;
				SDKROOT = iphoneos;
				SWIFT_ACTIVE_COMPILATION_CONDITIONS = "DEBUG $(inherited)";
				SWIFT_OPTIMIZATION_LEVEL = "-Onone";
			};
			name = Debug;
		};
		72786A692C1CA48F00E7D20C /* Release */ = {
			isa = XCBuildConfiguration;
			buildSettings = {
				ALWAYS_SEARCH_USER_PATHS = NO;
				ASSETCATALOG_COMPILER_GENERATE_SWIFT_ASSET_SYMBOL_EXTENSIONS = YES;
				CLANG_ANALYZER_NONNULL = YES;
				CLANG_ANALYZER_NUMBER_OBJECT_CONVERSION = YES_AGGRESSIVE;
				CLANG_CXX_LANGUAGE_STANDARD = "gnu++20";
				CLANG_ENABLE_MODULES = YES;
				CLANG_ENABLE_OBJC_ARC = YES;
				CLANG_ENABLE_OBJC_WEAK = YES;
				CLANG_WARN_BLOCK_CAPTURE_AUTORELEASING = YES;
				CLANG_WARN_BOOL_CONVERSION = YES;
				CLANG_WARN_COMMA = YES;
				CLANG_WARN_CONSTANT_CONVERSION = YES;
				CLANG_WARN_DEPRECATED_OBJC_IMPLEMENTATIONS = YES;
				CLANG_WARN_DIRECT_OBJC_ISA_USAGE = YES_ERROR;
				CLANG_WARN_DOCUMENTATION_COMMENTS = YES;
				CLANG_WARN_EMPTY_BODY = YES;
				CLANG_WARN_ENUM_CONVERSION = YES;
				CLANG_WARN_INFINITE_RECURSION = YES;
				CLANG_WARN_INT_CONVERSION = YES;
				CLANG_WARN_NON_LITERAL_NULL_CONVERSION = YES;
				CLANG_WARN_OBJC_IMPLICIT_RETAIN_SELF = YES;
				CLANG_WARN_OBJC_LITERAL_CONVERSION = YES;
				CLANG_WARN_OBJC_ROOT_CLASS = YES_ERROR;
				CLANG_WARN_QUOTED_INCLUDE_IN_FRAMEWORK_HEADER = YES;
				CLANG_WARN_RANGE_LOOP_ANALYSIS = YES;
				CLANG_WARN_STRICT_PROTOTYPES = YES;
				CLANG_WARN_SUSPICIOUS_MOVE = YES;
				CLANG_WARN_UNGUARDED_AVAILABILITY = YES_AGGRESSIVE;
				CLANG_WARN_UNREACHABLE_CODE = YES;
				CLANG_WARN__DUPLICATE_METHOD_MATCH = YES;
				COPY_PHASE_STRIP = NO;
				DEBUG_INFORMATION_FORMAT = "dwarf-with-dsym";
				ENABLE_NS_ASSERTIONS = NO;
				ENABLE_STRICT_OBJC_MSGSEND = YES;
				ENABLE_USER_SCRIPT_SANDBOXING = NO;
				GCC_C_LANGUAGE_STANDARD = gnu17;
				GCC_NO_COMMON_BLOCKS = YES;
				GCC_WARN_64_TO_32_BIT_CONVERSION = YES;
				GCC_WARN_ABOUT_RETURN_TYPE = YES_ERROR;
				GCC_WARN_UNDECLARED_SELECTOR = YES;
				GCC_WARN_UNINITIALIZED_AUTOS = YES_AGGRESSIVE;
				GCC_WARN_UNUSED_FUNCTION = YES;
				GCC_WARN_UNUSED_VARIABLE = YES;
				IPHONEOS_DEPLOYMENT_TARGET = 17.4;
				LOCALIZATION_PREFERS_STRING_CATALOGS = YES;
				MTL_ENABLE_DEBUG_INFO = NO;
				MTL_FAST_MATH = YES;
				SDKROOT = iphoneos;
				SWIFT_COMPILATION_MODE = wholemodule;
				VALIDATE_PRODUCT = YES;
			};
			name = Release;
		};
		72786A6B2C1CA48F00E7D20C /* Debug */ = {
			isa = XCBuildConfiguration;
			baseConfigurationReference = 3783951AEBB84B48A7CB6EC3 /* Pods-Tasky.debug.xcconfig */;
			buildSettings = {
				ASSETCATALOG_COMPILER_APPICON_NAME = AppIcon;
				ASSETCATALOG_COMPILER_GLOBAL_ACCENT_COLOR_NAME = AccentColor;
				CODE_SIGN_STYLE = Automatic;
				CURRENT_PROJECT_VERSION = 1;
				DEVELOPMENT_TEAM = JDQ7V977AB;
				GENERATE_INFOPLIST_FILE = YES;
				INFOPLIST_FILE = Tasky/Info.plist;
				INFOPLIST_KEY_UIApplicationSupportsIndirectInputEvents = YES;
				INFOPLIST_KEY_UILaunchStoryboardName = LaunchScreen;
				INFOPLIST_KEY_UIMainStoryboardFile = Main;
				INFOPLIST_KEY_UISupportedInterfaceOrientations_iPad = "UIInterfaceOrientationPortrait UIInterfaceOrientationPortraitUpsideDown UIInterfaceOrientationLandscapeLeft UIInterfaceOrientationLandscapeRight";
				INFOPLIST_KEY_UISupportedInterfaceOrientations_iPhone = "UIInterfaceOrientationPortrait UIInterfaceOrientationLandscapeLeft UIInterfaceOrientationLandscapeRight";
				LD_RUNPATH_SEARCH_PATHS = (
					"$(inherited)",
					"@executable_path/Frameworks",
				);
				MARKETING_VERSION = 1.0;
				PRODUCT_BUNDLE_IDENTIFIER = com..Tasky;
				PRODUCT_NAME = "$(TARGET_NAME)";
				SWIFT_EMIT_LOC_STRINGS = YES;
				SWIFT_VERSION = 5.0;
				TARGETED_DEVICE_FAMILY = "1,2";
			};
			name = Debug;
		};
		72786A6C2C1CA48F00E7D20C /* Release */ = {
			isa = XCBuildConfiguration;
			baseConfigurationReference = FA5FAA6DFD25776DDF13102E /* Pods-Tasky.release.xcconfig */;
			buildSettings = {
				ASSETCATALOG_COMPILER_APPICON_NAME = AppIcon;
				ASSETCATALOG_COMPILER_GLOBAL_ACCENT_COLOR_NAME = AccentColor;
				CODE_SIGN_STYLE = Automatic;
				CURRENT_PROJECT_VERSION = 1;
				DEVELOPMENT_TEAM = JDQ7V977AB;
				GENERATE_INFOPLIST_FILE = YES;
				INFOPLIST_FILE = Tasky/Info.plist;
				INFOPLIST_KEY_UIApplicationSupportsIndirectInputEvents = YES;
				INFOPLIST_KEY_UILaunchStoryboardName = LaunchScreen;
				INFOPLIST_KEY_UIMainStoryboardFile = Main;
				INFOPLIST_KEY_UISupportedInterfaceOrientations_iPad = "UIInterfaceOrientationPortrait UIInterfaceOrientationPortraitUpsideDown UIInterfaceOrientationLandscapeLeft UIInterfaceOrientationLandscapeRight";
				INFOPLIST_KEY_UISupportedInterfaceOrientations_iPhone = "UIInterfaceOrientationPortrait UIInterfaceOrientationLandscapeLeft UIInterfaceOrientationLandscapeRight";
				LD_RUNPATH_SEARCH_PATHS = (
					"$(inherited)",
					"@executable_path/Frameworks",
				);
				MARKETING_VERSION = 1.0;
				PRODUCT_BUNDLE_IDENTIFIER = com..Tasky;
				PRODUCT_NAME = "$(TARGET_NAME)";
				SWIFT_EMIT_LOC_STRINGS = YES;
				SWIFT_VERSION = 5.0;
				TARGETED_DEVICE_FAMILY = "1,2";
			};
			name = Release;
		};
		72786A782C1CA49F00E7D20C /* Debug */ = {
			isa = XCBuildConfiguration;
			baseConfigurationReference = 739D006421DBE565E1713AE4 /* Pods-TaskyTests.debug.xcconfig */;
			buildSettings = {
				BUNDLE_LOADER = "$(TEST_HOST)";
				CODE_SIGN_STYLE = Automatic;
				CURRENT_PROJECT_VERSION = 1;
				DEVELOPMENT_TEAM = JDQ7V977AB;
				GENERATE_INFOPLIST_FILE = YES;
				MARKETING_VERSION = 1.0;
				PRODUCT_BUNDLE_IDENTIFIER = com..TaskyTests;
				PRODUCT_NAME = "$(TARGET_NAME)";
				SWIFT_EMIT_LOC_STRINGS = NO;
				SWIFT_VERSION = 5.0;
				TARGETED_DEVICE_FAMILY = "1,2";
				TEST_HOST = "$(BUILT_PRODUCTS_DIR)/Tasky.app/$(BUNDLE_EXECUTABLE_FOLDER_PATH)/Tasky";
			};
			name = Debug;
		};
		72786A792C1CA49F00E7D20C /* Release */ = {
			isa = XCBuildConfiguration;
			baseConfigurationReference = B3B01200A1BF4E770FA3621D /* Pods-TaskyTests.release.xcconfig */;
			buildSettings = {
				BUNDLE_LOADER = "$(TEST_HOST)";
				CODE_SIGN_STYLE = Automatic;
				CURRENT_PROJECT_VERSION = 1;
				DEVELOPMENT_TEAM = JDQ7V977AB;
				GENERATE_INFOPLIST_FILE = YES;
				MARKETING_VERSION = 1.0;
				PRODUCT_BUNDLE_IDENTIFIER = com..TaskyTests;
				PRODUCT_NAME = "$(TARGET_NAME)";
				SWIFT_EMIT_LOC_STRINGS = NO;
				SWIFT_VERSION = 5.0;
				TARGETED_DEVICE_FAMILY = "1,2";
				TEST_HOST = "$(BUILT_PRODUCTS_DIR)/Tasky.app/$(BUNDLE_EXECUTABLE_FOLDER_PATH)/Tasky";
			};
			name = Release;
		};
/* End XCBuildConfiguration section */

/* Begin XCConfigurationList section */
		72786A512C1CA48A00E7D20C /* Build configuration list for PBXProject "Tasky" */ = {
			isa = XCConfigurationList;
			buildConfigurations = (
				72786A682C1CA48F00E7D20C /* Debug */,
				72786A692C1CA48F00E7D20C /* Release */,
			);
			defaultConfigurationIsVisible = 0;
			defaultConfigurationName = Release;
		};
		72786A6A2C1CA48F00E7D20C /* Build configuration list for PBXNativeTarget "Tasky" */ = {
			isa = XCConfigurationList;
			buildConfigurations = (
				72786A6B2C1CA48F00E7D20C /* Debug */,
				72786A6C2C1CA48F00E7D20C /* Release */,
			);
			defaultConfigurationIsVisible = 0;
			defaultConfigurationName = Release;
		};
		72786A772C1CA49F00E7D20C /* Build configuration list for PBXNativeTarget "TaskyTests" */ = {
			isa = XCConfigurationList;
			buildConfigurations = (
				72786A782C1CA49F00E7D20C /* Debug */,
				72786A792C1CA49F00E7D20C /* Release */,
			);
			defaultConfigurationIsVisible = 0;
			defaultConfigurationName = Release;
		};
/* End XCConfigurationList section */
	};
	rootObject = 72786A4E2C1CA48A00E7D20C /* Project object */;
}
